
Microsoft Visual Studio Solution File, Format Version 12.00
# Visual Studio 15
VisualStudioVersion = 15.0.26430.12
MinimumVisualStudioVersion = 10.0.40219.1
Project("{FAE04EC0-301F-11D3-BF4B-00C04F79EFBC}") = "Grid.Web", "Grid.Web\Grid.Web.csproj", "{E56BD720-5C6D-4C41-9424-16ADDC53140C}"
EndProject
Project("{FAE04EC0-301F-11D3-BF4B-00C04F79EFBC}") = "Grid.Domain", "Grid.Domain\Grid.Domain.csproj", "{2CDB18C9-9F82-43E3-B33F-752723135E37}"
EndProject
Global
	GlobalSection(SolutionConfigurationPlatforms) = preSolution
		Debug|Any CPU = Debug|Any CPU
		Release|Any CPU = Release|Any CPU
	EndGlobalSection
	GlobalSection(ProjectConfigurationPlatforms) = postSolution
		{E56BD720-5C6D-4C41-9424-16ADDC53140C}.Debug|Any CPU.ActiveCfg = Debug|Any CPU
		{E56BD720-5C6D-4C41-9424-16ADDC53140C}.Debug|Any CPU.Build.0 = Debug|Any CPU
		{E56BD720-5C6D-4C41-9424-16ADDC53140C}.Release|Any CPU.ActiveCfg = Release|Any CPU
		{E56BD720-5C6D-4C41-9424-16ADDC53140C}.Release|Any CPU.Build.0 = Release|Any CPU
		{2CDB18C9-9F82-43E3-B33F-752723135E37}.Debug|Any CPU.ActiveCfg = Debug|Any CPU
		{2CDB18C9-9F82-43E3-B33F-752723135E37}.Debug|Any CPU.Build.0 = Debug|Any CPU
		{2CDB18C9-9F82-43E3-B33F-752723135E37}.Release|Any CPU.ActiveCfg = Release|Any CPU
		{2CDB18C9-9F82-43E3-B33F-752723135E37}.Release|Any CPU.Build.0 = Release|Any CPU
	EndGlobalSection
	GlobalSection(SolutionProperties) = preSolution
		HideSolutionNode = FALSE
	EndGlobalSection
EndGlobal
